<?xml version="1.0" encoding="utf-8"?>
<Project ToolsVersion="4.0" xmlns="http://schemas.microsoft.com/developer/msbuild/2003">
  <ItemGroup>
    <Filter Include="Functions">
      <UniqueIdentifier>{32941fcb-69a5-43e7-86ba-38eb1ece3de9}</UniqueIdentifier>
    </Filter>
    <Filter Include="Dependencies">
      <UniqueIdentifier>{eaf85ecc-eda1-49c6-a3be-14f2f8f4002c}</UniqueIdentifier>
    </Filter>
    <Filter Include="Dependencies\distorm">
      <UniqueIdentifier>{5b0453e9-b429-4dfd-bcbb-f3756d073e60}</UniqueIdentifier>
    </Filter>
    <Filter Include="Shared">
      <UniqueIdentifier>{976c6ca6-4172-4080-8162-a7913375df1a}</UniqueIdentifier>
    </Filter>
    <Filter Include="Functions\Networking">
      <UniqueIdentifier>{a0a634f8-a935-4a80-a6a1-6957d2c86881}</UniqueIdentifier>
    </Filter>
  </ItemGroup>
  <ItemGroup>
    <ClCompile Include="CloseRemoteProcess.cpp">
      <Filter>Functions</Filter>
    </ClCompile>
    <ClCompile Include="ControlRemoteProcess.cpp">
      <Filter>Functions</Filter>
    </ClCompile>
    <ClCompile Include="Debugger.cpp">
      <Filter>Functions</Filter>
    </ClCompile>
    <ClCompile Include="DisassembleCode.cpp">
      <Filter>Functions</Filter>
    </ClCompile>
    <ClCompile Include="EnumerateProcesses.cpp">
      <Filter>Functions</Filter>
    </ClCompile>
    <ClCompile Include="EnumerateRemoteSectionsAndModules.cpp">
      <Filter>Functions</Filter>
    </ClCompile>
    <ClCompile Include="IsProcessValid.cpp">
      <Filter>Functions</Filter>
    </ClCompile>
    <ClCompile Include="OpenRemoteProcess.cpp">
      <Filter>Functions</Filter>
    </ClCompile>
    <ClCompile Include="ReadRemoteMemory.cpp">
      <Filter>Functions</Filter>
    </ClCompile>
    <ClCompile Include="WriteRemoteMemory.cpp">
      <Filter>Functions</Filter>
    </ClCompile>
    <ClCompile Include="Input.cpp">
      <Filter>Functions</Filter>
    </ClCompile>
    <ClCompile Include="..\Dependencies\distorm\src\decoder.c">
      <Filter>Dependencies\distorm</Filter>
    </ClCompile>
    <ClCompile Include="..\Dependencies\distorm\src\distorm.c">
      <Filter>Dependencies\distorm</Filter>
    </ClCompile>
    <ClCompile Include="..\Dependencies\distorm\src\instructions.c">
      <Filter>Dependencies\distorm</Filter>
    </ClCompile>
    <ClCompile Include="..\Dependencies\distorm\src\insts.c">
      <Filter>Dependencies\distorm</Filter>
    </ClCompile>
    <ClCompile Include="..\Dependencies\distorm\src\mnemonics.c">
      <Filter>Dependencies\distorm</Filter>
    </ClCompile>
    <ClCompile Include="..\Dependencies\distorm\src\operands.c">
      <Filter>Dependencies\distorm</Filter>
    </ClCompile>
    <ClCompile Include="..\Dependencies\distorm\src\prefix.c">
      <Filter>Dependencies\distorm</Filter>
    </ClCompile>
    <ClCompile Include="..\Dependencies\distorm\src\textdefs.c">
      <Filter>Dependencies\distorm</Filter>
    </ClCompile>
    <ClCompile Include="..\Shared\DistormHelper.cpp">
      <Filter>Shared</Filter>
    </ClCompile>
    <ClCompile Include="..\Shared\SocketWrapper.cpp">
      <Filter>Shared</Filter>
    </ClCompile>
    <ClCompile Include="LinuxSocketWrapper.cpp">
      <Filter>Functions\Networking</Filter>
    </ClCompile>
  </ItemGroup>
  <ItemGroup>
    <ClInclude Include="NativeCore.hpp" />
    <ClInclude Include="..\ReClassNET_Plugin.hpp" />
    <ClInclude Include="..\Dependencies\distorm\include\distorm.h">
      <Filter>Dependencies\distorm</Filter>
    </ClInclude>
    <ClInclude Include="..\Dependencies\distorm\include\mnemonics.h">
      <Filter>Dependencies\distorm</Filter>
    </ClInclude>
    <ClInclude Include="..\Shared\DistormHelper.hpp">
      <Filter>Shared</Filter>
    </ClInclude>
    <ClInclude Include="..\Shared\Keys.hpp">
      <Filter>Shared</Filter>
    </ClInclude>
    <ClInclude Include="..\Dependencies\distorm\src\config.h">
      <Filter>Dependencies\distorm</Filter>
    </ClInclude>
    <ClInclude Include="..\Dependencies\distorm\src\decoder.h">
      <Filter>Dependencies\distorm</Filter>
    </ClInclude>
    <ClInclude Include="..\Dependencies\distorm\src\instructions.h">
      <Filter>Dependencies\distorm</Filter>
    </ClInclude>
    <ClInclude Include="..\Dependencies\distorm\src\insts.h">
      <Filter>Dependencies\distorm</Filter>
    </ClInclude>
    <ClInclude Include="..\Dependencies\distorm\src\operands.h">
      <Filter>Dependencies\distorm</Filter>
    </ClInclude>
    <ClInclude Include="..\Dependencies\distorm\src\prefix.h">
      <Filter>Dependencies\distorm</Filter>
    </ClInclude>
    <ClInclude Include="..\Dependencies\distorm\src\textdefs.h">
      <Filter>Dependencies\distorm</Filter>
    </ClInclude>
    <ClInclude Include="..\Dependencies\distorm\src\x86defs.h">
      <Filter>Dependencies\distorm</Filter>
    </ClInclude>
    <ClInclude Include="..\Dependencies\distorm\src\wstring.h" />
    <ClInclude Include="..\Shared\SocketWrapper.h">
      <Filter>Shared</Filter>
    </ClInclude>
    <ClInclude Include="LinuxSocketWrapper.h">
      <Filter>Functions\Networking</Filter>
    </ClInclude>
  </ItemGroup>
</Project>